// !$*UTF8*$!
{
	archiveVersion = 1;
	classes = {
	};
	objectVersion = 56;
	objects = {

/* Begin PBXBuildFile section */
		8F19DFD52910E0AB006FAED6 /* ios_ui_components.docc in Sources */ = {isa = PBXBuildFile; fileRef = 8F19DFD42910E0AB006FAED6 /* ios_ui_components.docc */; };
		8F19DFDB2910E0AB006FAED6 /* ios_ui_components.framework in Frameworks */ = {isa = PBXBuildFile; fileRef = 8F19DFD02910E0AB006FAED6 /* ios_ui_components.framework */; };
		8F19DFE02910E0AB006FAED6 /* ios_ui_componentsTests.swift in Sources */ = {isa = PBXBuildFile; fileRef = 8F19DFDF2910E0AB006FAED6 /* ios_ui_componentsTests.swift */; };
		8F19DFE12910E0AB006FAED6 /* ios_ui_components.h in Headers */ = {isa = PBXBuildFile; fileRef = 8F19DFD32910E0AB006FAED6 /* ios_ui_components.h */; settings = {ATTRIBUTES = (Public, ); }; };
		8F9B4ADC2910F76600EA6523 /* TwoLineButton.swift in Sources */ = {isa = PBXBuildFile; fileRef = 8F9B4ADB2910F76600EA6523 /* TwoLineButton.swift */; };
		8FD2D0222919502F00DD7CA9 /* ConfirmAlert.swift in Sources */ = {isa = PBXBuildFile; fileRef = 8FD2D0212919502F00DD7CA9 /* ConfirmAlert.swift */; };
		8FD2D0242919885C00DD7CA9 /* InputAlert.swift in Sources */ = {isa = PBXBuildFile; fileRef = 8FD2D0232919885C00DD7CA9 /* InputAlert.swift */; };
		8FEF38FD2913B325001AAD61 /* LoadingButton.swift in Sources */ = {isa = PBXBuildFile; fileRef = 8FEF38FC2913B325001AAD61 /* LoadingButton.swift */; };
		8FEF38FF2914EE14001AAD61 /* IconButton.swift in Sources */ = {isa = PBXBuildFile; fileRef = 8FEF38FE2914EE14001AAD61 /* IconButton.swift */; };
		8FEF390229161CB0001AAD61 /* Alert.swift in Sources */ = {isa = PBXBuildFile; fileRef = 8FEF390129161CB0001AAD61 /* Alert.swift */; };
/* End PBXBuildFile section */

/* Begin PBXContainerItemProxy section */
		8F19DFDC2910E0AB006FAED6 /* PBXContainerItemProxy */ = {
			isa = PBXContainerItemProxy;
			containerPortal = 8F19DFC72910E0AB006FAED6 /* Project object */;
			proxyType = 1;
			remoteGlobalIDString = 8F19DFCF2910E0AB006FAED6;
			remoteInfo = "ios-ui-components";
		};
/* End PBXContainerItemProxy section */

/* Begin PBXFileReference section */
		8F19DFD02910E0AB006FAED6 /* ios_ui_components.framework */ = {isa = PBXFileReference; explicitFileType = wrapper.framework; includeInIndex = 0; path = ios_ui_components.framework; sourceTree = BUILT_PRODUCTS_DIR; };
		8F19DFD32910E0AB006FAED6 /* ios_ui_components.h */ = {isa = PBXFileReference; lastKnownFileType = sourcecode.c.h; path = ios_ui_components.h; sourceTree = "<group>"; };
		8F19DFD42910E0AB006FAED6 /* ios_ui_components.docc */ = {isa = PBXFileReference; lastKnownFileType = folder.documentationcatalog; path = ios_ui_components.docc; sourceTree = "<group>"; };
		8F19DFDA2910E0AB006FAED6 /* ios-ui-componentsTests.xctest */ = {isa = PBXFileReference; explicitFileType = wrapper.cfbundle; includeInIndex = 0; path = "ios-ui-componentsTests.xctest"; sourceTree = BUILT_PRODUCTS_DIR; };
		8F19DFDF2910E0AB006FAED6 /* ios_ui_componentsTests.swift */ = {isa = PBXFileReference; lastKnownFileType = sourcecode.swift; path = ios_ui_componentsTests.swift; sourceTree = "<group>"; };
		8F9B4ADB2910F76600EA6523 /* TwoLineButton.swift */ = {isa = PBXFileReference; lastKnownFileType = sourcecode.swift; path = TwoLineButton.swift; sourceTree = "<group>"; };
		8FD2D0212919502F00DD7CA9 /* ConfirmAlert.swift */ = {isa = PBXFileReference; lastKnownFileType = sourcecode.swift; path = ConfirmAlert.swift; sourceTree = "<group>"; };
		8FD2D0232919885C00DD7CA9 /* InputAlert.swift */ = {isa = PBXFileReference; lastKnownFileType = sourcecode.swift; path = InputAlert.swift; sourceTree = "<group>"; };
		8FEF38FC2913B325001AAD61 /* LoadingButton.swift */ = {isa = PBXFileReference; lastKnownFileType = sourcecode.swift; path = LoadingButton.swift; sourceTree = "<group>"; };
		8FEF38FE2914EE14001AAD61 /* IconButton.swift */ = {isa = PBXFileReference; lastKnownFileType = sourcecode.swift; path = IconButton.swift; sourceTree = "<group>"; };
		8FEF390129161CB0001AAD61 /* Alert.swift */ = {isa = PBXFileReference; lastKnownFileType = sourcecode.swift; path = Alert.swift; sourceTree = "<group>"; };
/* End PBXFileReference section */

/* Begin PBXFrameworksBuildPhase section */
		8F19DFCD2910E0AB006FAED6 /* Frameworks */ = {
			isa = PBXFrameworksBuildPhase;
			buildActionMask = 2147483647;
			files = (
			);
			runOnlyForDeploymentPostprocessing = 0;
		};
		8F19DFD72910E0AB006FAED6 /* Frameworks */ = {
			isa = PBXFrameworksBuildPhase;
			buildActionMask = 2147483647;
			files = (
				8F19DFDB2910E0AB006FAED6 /* ios_ui_components.framework in Frameworks */,
			);
			runOnlyForDeploymentPostprocessing = 0;
		};
/* End PBXFrameworksBuildPhase section */

/* Begin PBXGroup section */
		8F19DFC62910E0AB006FAED6 = {
			isa = PBXGroup;
			children = (
				8F19DFD22910E0AB006FAED6 /* ios-ui-components */,
				8F19DFDE2910E0AB006FAED6 /* ios-ui-componentsTests */,
				8F19DFD12910E0AB006FAED6 /* Products */,
			);
			sourceTree = "<group>";
		};
		8F19DFD12910E0AB006FAED6 /* Products */ = {
			isa = PBXGroup;
			children = (
				8F19DFD02910E0AB006FAED6 /* ios_ui_components.framework */,
				8F19DFDA2910E0AB006FAED6 /* ios-ui-componentsTests.xctest */,
			);
			name = Products;
			sourceTree = "<group>";
		};
		8F19DFD22910E0AB006FAED6 /* ios-ui-components */ = {
			isa = PBXGroup;
			children = (
				8F19DFD32910E0AB006FAED6 /* ios_ui_components.h */,
				8F19DFD42910E0AB006FAED6 /* ios_ui_components.docc */,
				8F9B4ADB2910F76600EA6523 /* TwoLineButton.swift */,
				8FEF38FC2913B325001AAD61 /* LoadingButton.swift */,
				8FEF38FE2914EE14001AAD61 /* IconButton.swift */,
				8FEF390129161CB0001AAD61 /* Alert.swift */,
				8FD2D0212919502F00DD7CA9 /* ConfirmAlert.swift */,
				8FD2D0232919885C00DD7CA9 /* InputAlert.swift */,
			);
			path = "ios-ui-components";
			sourceTree = "<group>";
		};
		8F19DFDE2910E0AB006FAED6 /* ios-ui-componentsTests */ = {
			isa = PBXGroup;
			children = (
				8F19DFDF2910E0AB006FAED6 /* ios_ui_componentsTests.swift */,
			);
			path = "ios-ui-componentsTests";
			sourceTree = "<group>";
		};
/* End PBXGroup section */

/* Begin PBXHeadersBuildPhase section */
		8F19DFCB2910E0AB006FAED6 /* Headers */ = {
			isa = PBXHeadersBuildPhase;
			buildActionMask = 2147483647;
			files = (
				8F19DFE12910E0AB006FAED6 /* ios_ui_components.h in Headers */,
			);
			runOnlyForDeploymentPostprocessing = 0;
		};
/* End PBXHeadersBuildPhase section */

/* Begin PBXNativeTarget section */
		8F19DFCF2910E0AB006FAED6 /* ios-ui-components */ = {
			isa = PBXNativeTarget;
			buildConfigurationList = 8F19DFE42910E0AB006FAED6 /* Build configuration list for PBXNativeTarget "ios-ui-components" */;
			buildPhases = (
				8F19DFCB2910E0AB006FAED6 /* Headers */,
				8F19DFCC2910E0AB006FAED6 /* Sources */,
				8F19DFCD2910E0AB006FAED6 /* Frameworks */,
				8F19DFCE2910E0AB006FAED6 /* Resources */,
			);
			buildRules = (
			);
			dependencies = (
			);
			name = "ios-ui-components";
			productName = "ios-ui-components";
			productReference = 8F19DFD02910E0AB006FAED6 /* ios_ui_components.framework */;
			productType = "com.apple.product-type.framework";
		};
		8F19DFD92910E0AB006FAED6 /* ios-ui-componentsTests */ = {
			isa = PBXNativeTarget;
			buildConfigurationList = 8F19DFE72910E0AB006FAED6 /* Build configuration list for PBXNativeTarget "ios-ui-componentsTests" */;
			buildPhases = (
				8F19DFD62910E0AB006FAED6 /* Sources */,
				8F19DFD72910E0AB006FAED6 /* Frameworks */,
				8F19DFD82910E0AB006FAED6 /* Resources */,
			);
			buildRules = (
			);
			dependencies = (
				8F19DFDD2910E0AB006FAED6 /* PBXTargetDependency */,
			);
			name = "ios-ui-componentsTests";
			productName = "ios-ui-componentsTests";
			productReference = 8F19DFDA2910E0AB006FAED6 /* ios-ui-componentsTests.xctest */;
			productType = "com.apple.product-type.bundle.unit-test";
		};
/* End PBXNativeTarget section */

/* Begin PBXProject section */
		8F19DFC72910E0AB006FAED6 /* Project object */ = {
			isa = PBXProject;
			attributes = {
				BuildIndependentTargetsInParallel = 1;
				LastSwiftUpdateCheck = 1400;
				LastUpgradeCheck = 1400;
				TargetAttributes = {
					8F19DFCF2910E0AB006FAED6 = {
						CreatedOnToolsVersion = 14.0.1;
					};
					8F19DFD92910E0AB006FAED6 = {
						CreatedOnToolsVersion = 14.0.1;
					};
				};
			};
			buildConfigurationList = 8F19DFCA2910E0AB006FAED6 /* Build configuration list for PBXProject "iOS_UI_Components" */;
			compatibilityVersion = "Xcode 14.0";
			developmentRegion = en;
			hasScannedForEncodings = 0;
			knownRegions = (
				en,
				Base,
			);
			mainGroup = 8F19DFC62910E0AB006FAED6;
			productRefGroup = 8F19DFD12910E0AB006FAED6 /* Products */;
			projectDirPath = "";
			projectRoot = "";
			targets = (
				8F19DFCF2910E0AB006FAED6 /* ios-ui-components */,
				8F19DFD92910E0AB006FAED6 /* ios-ui-componentsTests */,
			);
		};
/* End PBXProject section */

/* Begin PBXResourcesBuildPhase section */
		8F19DFCE2910E0AB006FAED6 /* Resources */ = {
			isa = PBXResourcesBuildPhase;
			buildActionMask = 2147483647;
			files = (
			);
			runOnlyForDeploymentPostprocessing = 0;
		};
		8F19DFD82910E0AB006FAED6 /* Resources */ = {
			isa = PBXResourcesBuildPhase;
			buildActionMask = 2147483647;
			files = (
			);
			runOnlyForDeploymentPostprocessing = 0;
		};
/* End PBXResourcesBuildPhase section */

/* Begin PBXSourcesBuildPhase section */
		8F19DFCC2910E0AB006FAED6 /* Sources */ = {
			isa = PBXSourcesBuildPhase;
			buildActionMask = 2147483647;
			files = (
				8FEF38FF2914EE14001AAD61 /* IconButton.swift in Sources */,
				8FD2D0222919502F00DD7CA9 /* ConfirmAlert.swift in Sources */,
				8F19DFD52910E0AB006FAED6 /* ios_ui_components.docc in Sources */,
				8FEF390229161CB0001AAD61 /* Alert.swift in Sources */,
				8FD2D0242919885C00DD7CA9 /* InputAlert.swift in Sources */,
				8FEF38FD2913B325001AAD61 /* LoadingButton.swift in Sources */,
				8F9B4ADC2910F76600EA6523 /* TwoLineButton.swift in Sources */,
			);
			runOnlyForDeploymentPostprocessing = 0;
		};
		8F19DFD62910E0AB006FAED6 /* Sources */ = {
			isa = PBXSourcesBuildPhase;
			buildActionMask = 2147483647;
			files = (
				8F19DFE02910E0AB006FAED6 /* ios_ui_componentsTests.swift in Sources */,
			);
			runOnlyForDeploymentPostprocessing = 0;
		};
/* End PBXSourcesBuildPhase section */

/* Begin PBXTargetDependency section */
		8F19DFDD2910E0AB006FAED6 /* PBXTargetDependency */ = {
			isa = PBXTargetDependency;
			target = 8F19DFCF2910E0AB006FAED6 /* ios-ui-components */;
			targetProxy = 8F19DFDC2910E0AB006FAED6 /* PBXContainerItemProxy */;
		};
/* End PBXTargetDependency section */

/* Begin XCBuildConfiguration section */
		8F19DFE22910E0AB006FAED6 /* Debug */ = {
			isa = XCBuildConfiguration;
			buildSettings = {
				ALWAYS_SEARCH_USER_PATHS = NO;
				CLANG_ANALYZER_NONNULL = YES;
				CLANG_ANALYZER_NUMBER_OBJECT_CONVERSION = YES_AGGRESSIVE;
				CLANG_CXX_LANGUAGE_STANDARD = "gnu++20";
				CLANG_ENABLE_MODULES = YES;
				CLANG_ENABLE_OBJC_ARC = YES;
				CLANG_ENABLE_OBJC_WEAK = YES;
				CLANG_WARN_BLOCK_CAPTURE_AUTORELEASING = YES;
				CLANG_WARN_BOOL_CONVERSION = YES;
				CLANG_WARN_COMMA = YES;
				CLANG_WARN_CONSTANT_CONVERSION = YES;
				CLANG_WARN_DEPRECATED_OBJC_IMPLEMENTATIONS = YES;
				CLANG_WARN_DIRECT_OBJC_ISA_USAGE = YES_ERROR;
				CLANG_WARN_DOCUMENTATION_COMMENTS = YES;
				CLANG_WARN_EMPTY_BODY = YES;
				CLANG_WARN_ENUM_CONVERSION = YES;
				CLANG_WARN_INFINITE_RECURSION = YES;
				CLANG_WARN_INT_CONVERSION = YES;
				CLANG_WARN_NON_LITERAL_NULL_CONVERSION = YES;
				CLANG_WARN_OBJC_IMPLICIT_RETAIN_SELF = YES;
				CLANG_WARN_OBJC_LITERAL_CONVERSION = YES;
				CLANG_WARN_OBJC_ROOT_CLASS = YES_ERROR;
				CLANG_WARN_QUOTED_INCLUDE_IN_FRAMEWORK_HEADER = YES;
				CLANG_WARN_RANGE_LOOP_ANALYSIS = YES;
				CLANG_WARN_STRICT_PROTOTYPES = YES;
				CLANG_WARN_SUSPICIOUS_MOVE = YES;
				CLANG_WARN_UNGUARDED_AVAILABILITY = YES_AGGRESSIVE;
				CLANG_WARN_UNREACHABLE_CODE = YES;
				CLANG_WARN__DUPLICATE_METHOD_MATCH = YES;
				COPY_PHASE_STRIP = NO;
				CURRENT_PROJECT_VERSION = 1;
				DEBUG_INFORMATION_FORMAT = dwarf;
				ENABLE_STRICT_OBJC_MSGSEND = YES;
				ENABLE_TESTABILITY = YES;
				GCC_C_LANGUAGE_STANDARD = gnu11;
				GCC_DYNAMIC_NO_PIC = NO;
				GCC_NO_COMMON_BLOCKS = YES;
				GCC_OPTIMIZATION_LEVEL = 0;
				GCC_PREPROCESSOR_DEFINITIONS = (
					"DEBUG=1",
					"$(inherited)",
				);
				GCC_WARN_64_TO_32_BIT_CONVERSION = YES;
				GCC_WARN_ABOUT_RETURN_TYPE = YES_ERROR;
				GCC_WARN_UNDECLARED_SELECTOR = YES;
				GCC_WARN_UNINITIALIZED_AUTOS = YES_AGGRESSIVE;
				GCC_WARN_UNUSED_FUNCTION = YES;
				GCC_WARN_UNUSED_VARIABLE = YES;
				IPHONEOS_DEPLOYMENT_TARGET = 16.0;
				MTL_ENABLE_DEBUG_INFO = INCLUDE_SOURCE;
				MTL_FAST_MATH = YES;
				ONLY_ACTIVE_ARCH = YES;
				SDKROOT = iphoneos;
				SWIFT_ACTIVE_COMPILATION_CONDITIONS = DEBUG;
				SWIFT_OPTIMIZATION_LEVEL = "-Onone";
				VERSIONING_SYSTEM = "apple-generic";
				VERSION_INFO_PREFIX = "";
			};
			name = Debug;
		};
		8F19DFE32910E0AB006FAED6 /* Release */ = {
			isa = XCBuildConfiguration;
			buildSettings = {
				ALWAYS_SEARCH_USER_PATHS = NO;
				CLANG_ANALYZER_NONNULL = YES;
				CLANG_ANALYZER_NUMBER_OBJECT_CONVERSION = YES_AGGRESSIVE;
				CLANG_CXX_LANGUAGE_STANDARD = "gnu++20";
				CLANG_ENABLE_MODULES = YES;
				CLANG_ENABLE_OBJC_ARC = YES;
				CLANG_ENABLE_OBJC_WEAK = YES;
				CLANG_WARN_BLOCK_CAPTURE_AUTORELEASING = YES;
				CLANG_WARN_BOOL_CONVERSION = YES;
				CLANG_WARN_COMMA = YES;
				CLANG_WARN_CONSTANT_CONVERSION = YES;
				CLANG_WARN_DEPRECATED_OBJC_IMPLEMENTATIONS = YES;
				CLANG_WARN_DIRECT_OBJC_ISA_USAGE = YES_ERROR;
				CLANG_WARN_DOCUMENTATION_COMMENTS = YES;
				CLANG_WARN_EMPTY_BODY = YES;
				CLANG_WARN_ENUM_CONVERSION = YES;
				CLANG_WARN_INFINITE_RECURSION = YES;
				CLANG_WARN_INT_CONVERSION = YES;
				CLANG_WARN_NON_LITERAL_NULL_CONVERSION = YES;
				CLANG_WARN_OBJC_IMPLICIT_RETAIN_SELF = YES;
				CLANG_WARN_OBJC_LITERAL_CONVERSION = YES;
				CLANG_WARN_OBJC_ROOT_CLASS = YES_ERROR;
				CLANG_WARN_QUOTED_INCLUDE_IN_FRAMEWORK_HEADER = YES;
				CLANG_WARN_RANGE_LOOP_ANALYSIS = YES;
				CLANG_WARN_STRICT_PROTOTYPES = YES;
				CLANG_WARN_SUSPICIOUS_MOVE = YES;
				CLANG_WARN_UNGUARDED_AVAILABILITY = YES_AGGRESSIVE;
				CLANG_WARN_UNREACHABLE_CODE = YES;
				CLANG_WARN__DUPLICATE_METHOD_MATCH = YES;
				COPY_PHASE_STRIP = NO;
				CURRENT_PROJECT_VERSION = 1;
				DEBUG_INFORMATION_FORMAT = "dwarf-with-dsym";
				ENABLE_NS_ASSERTIONS = NO;
				ENABLE_STRICT_OBJC_MSGSEND = YES;
				GCC_C_LANGUAGE_STANDARD = gnu11;
				GCC_NO_COMMON_BLOCKS = YES;
				GCC_WARN_64_TO_32_BIT_CONVERSION = YES;
				GCC_WARN_ABOUT_RETURN_TYPE = YES_ERROR;
				GCC_WARN_UNDECLARED_SELECTOR = YES;
				GCC_WARN_UNINITIALIZED_AUTOS = YES_AGGRESSIVE;
				GCC_WARN_UNUSED_FUNCTION = YES;
				GCC_WARN_UNUSED_VARIABLE = YES;
				IPHONEOS_DEPLOYMENT_TARGET = 16.0;
				MTL_ENABLE_DEBUG_INFO = NO;
				MTL_FAST_MATH = YES;
				SDKROOT = iphoneos;
				SWIFT_COMPILATION_MODE = wholemodule;
				SWIFT_OPTIMIZATION_LEVEL = "-O";
				VALIDATE_PRODUCT = YES;
				VERSIONING_SYSTEM = "apple-generic";
				VERSION_INFO_PREFIX = "";
			};
			name = Release;
		};
		8F19DFE52910E0AB006FAED6 /* Debug */ = {
			isa = XCBuildConfiguration;
			buildSettings = {
				CODE_SIGN_STYLE = Automatic;
				CURRENT_PROJECT_VERSION = 1;
				DEFINES_MODULE = YES;
				DEVELOPMENT_TEAM = 5Q4F9CKWYM;
				DYLIB_COMPATIBILITY_VERSION = 1;
				DYLIB_CURRENT_VERSION = 1;
				DYLIB_INSTALL_NAME_BASE = "@rpath";
				GENERATE_INFOPLIST_FILE = YES;
				INFOPLIST_KEY_NSHumanReadableCopyright = "";
				INSTALL_PATH = "$(LOCAL_LIBRARY_DIR)/Frameworks";
				LD_RUNPATH_SEARCH_PATHS = (
					"$(inherited)",
					"@executable_path/Frameworks",
					"@loader_path/Frameworks",
				);
				MARKETING_VERSION = 1.0;
				PRODUCT_BUNDLE_IDENTIFIER = "com.test.ios-ui-components";
				PRODUCT_NAME = "$(TARGET_NAME:c99extidentifier)";
				SKIP_INSTALL = YES;
				SWIFT_EMIT_LOC_STRINGS = YES;
				SWIFT_VERSION = 5.0;
				TARGETED_DEVICE_FAMILY = "1,2";
			};
			name = Debug;
		};
		8F19DFE62910E0AB006FAED6 /* Release */ = {
			isa = XCBuildConfiguration;
			buildSettings = {
				CODE_SIGN_STYLE = Automatic;
				CURRENT_PROJECT_VERSION = 1;
				DEFINES_MODULE = YES;
				DEVELOPMENT_TEAM = 5Q4F9CKWYM;
				DYLIB_COMPATIBILITY_VERSION = 1;
				DYLIB_CURRENT_VERSION = 1;
				DYLIB_INSTALL_NAME_BASE = "@rpath";
				GENERATE_INFOPLIST_FILE = YES;
				INFOPLIST_KEY_NSHumanReadableCopyright = "";
				INSTALL_PATH = "$(LOCAL_LIBRARY_DIR)/Frameworks";
				LD_RUNPATH_SEARCH_PATHS = (
					"$(inherited)",
					"@executable_path/Frameworks",
					"@loader_path/Frameworks",
				);
				MARKETING_VERSION = 1.0;
				PRODUCT_BUNDLE_IDENTIFIER = "com.test.ios-ui-components";
				PRODUCT_NAME = "$(TARGET_NAME:c99extidentifier)";
				SKIP_INSTALL = YES;
				SWIFT_EMIT_LOC_STRINGS = YES;
				SWIFT_VERSION = 5.0;
				TARGETED_DEVICE_FAMILY = "1,2";
			};
			name = Release;
		};
		8F19DFE82910E0AB006FAED6 /* Debug */ = {
			isa = XCBuildConfiguration;
			buildSettings = {
				ALWAYS_EMBED_SWIFT_STANDARD_LIBRARIES = YES;
				CODE_SIGN_STYLE = Automatic;
				CURRENT_PROJECT_VERSION = 1;
				DEVELOPMENT_TEAM = 5Q4F9CKWYM;
				GENERATE_INFOPLIST_FILE = YES;
				MARKETING_VERSION = 1.0;
				PRODUCT_BUNDLE_IDENTIFIER = "com.test.ios-ui-componentsTests";
				PRODUCT_NAME = "$(TARGET_NAME)";
				SWIFT_EMIT_LOC_STRINGS = NO;
				SWIFT_VERSION = 5.0;
				TARGETED_DEVICE_FAMILY = "1,2";
			};
			name = Debug;
		};
		8F19DFE92910E0AB006FAED6 /* Release */ = {
			isa = XCBuildConfiguration;
			buildSettings = {
				ALWAYS_EMBED_SWIFT_STANDARD_LIBRARIES = YES;
				CODE_SIGN_STYLE = Automatic;
				CURRENT_PROJECT_VERSION = 1;
				DEVELOPMENT_TEAM = 5Q4F9CKWYM;
				GENERATE_INFOPLIST_FILE = YES;
				MARKETING_VERSION = 1.0;
				PRODUCT_BUNDLE_IDENTIFIER = "com.test.ios-ui-componentsTests";
				PRODUCT_NAME = "$(TARGET_NAME)";
				SWIFT_EMIT_LOC_STRINGS = NO;
				SWIFT_VERSION = 5.0;
				TARGETED_DEVICE_FAMILY = "1,2";
			};
			name = Release;
		};
/* End XCBuildConfiguration section */

/* Begin XCConfigurationList section */
		8F19DFCA2910E0AB006FAED6 /* Build configuration list for PBXProject "iOS_UI_Components" */ = {
			isa = XCConfigurationList;
			buildConfigurations = (
				8F19DFE22910E0AB006FAED6 /* Debug */,
				8F19DFE32910E0AB006FAED6 /* Release */,
			);
			defaultConfigurationIsVisible = 0;
			defaultConfigurationName = Release;
		};
		8F19DFE42910E0AB006FAED6 /* Build configuration list for PBXNativeTarget "ios-ui-components" */ = {
			isa = XCConfigurationList;
			buildConfigurations = (
				8F19DFE52910E0AB006FAED6 /* Debug */,
				8F19DFE62910E0AB006FAED6 /* Release */,
			);
			defaultConfigurationIsVisible = 0;
			defaultConfigurationName = Release;
		};
		8F19DFE72910E0AB006FAED6 /* Build configuration list for PBXNativeTarget "ios-ui-componentsTests" */ = {
			isa = XCConfigurationList;
			buildConfigurations = (
				8F19DFE82910E0AB006FAED6 /* Debug */,
				8F19DFE92910E0AB006FAED6 /* Release */,
			);
			defaultConfigurationIsVisible = 0;
			defaultConfigurationName = Release;
		};
/* End XCConfigurationList section */
	};
	rootObject = 8F19DFC72910E0AB006FAED6 /* Project object */;
}
